// !$*UTF8*$!
{
	archiveVersion = 1;
	classes = {
	};
	objectVersion = 50;
	objects = {

/* Begin PBXBuildFile section */
		20092BDD25AB8D5700D4677B /* TextLabel.swift in Sources */ = {isa = PBXBuildFile; fileRef = 20092BDC25AB8D5700D4677B /* TextLabel.swift */; };
		20583A7F25BA740900A74914 /* Assets.xcassets in Resources */ = {isa = PBXBuildFile; fileRef = 20E2F811259BC43A004BF34B /* Assets.xcassets */; };
		20583A8425BA752600A74914 /* player_cant_move.wav in Resources */ = {isa = PBXBuildFile; fileRef = 20583A8325BA752600A74914 /* player_cant_move.wav */; };
		20583A8C25BA75C500A74914 /* SoundPlayer.swift in Sources */ = {isa = PBXBuildFile; fileRef = 20583A8B25BA75C500A74914 /* SoundPlayer.swift */; };
		206B700F2605599800B9716A /* SwipeRightTracker.swift in Sources */ = {isa = PBXBuildFile; fileRef = 206B700E2605599800B9716A /* SwipeRightTracker.swift */; };
		206B701726055C0E00B9716A /* SwipeLeftTracker.swift in Sources */ = {isa = PBXBuildFile; fileRef = 206B701626055C0E00B9716A /* SwipeLeftTracker.swift */; };
		206B701C26055C9F00B9716A /* SwipeUpTracker.swift in Sources */ = {isa = PBXBuildFile; fileRef = 206B701B26055C9F00B9716A /* SwipeUpTracker.swift */; };
		206B702126055D0A00B9716A /* SwipeDownTracker.swift in Sources */ = {isa = PBXBuildFile; fileRef = 206B702026055D0A00B9716A /* SwipeDownTracker.swift */; };
		206BC54C25BAFEBB00CD5967 /* Sound.swift in Sources */ = {isa = PBXBuildFile; fileRef = 206BC54B25BAFEBB00CD5967 /* Sound.swift */; };
		20724FFC25BE1B7800F278CC /* Array+Chunked.swift in Sources */ = {isa = PBXBuildFile; fileRef = 20724FFB25BE1B7800F278CC /* Array+Chunked.swift */; };
		2072500125BE1BAC00F278CC /* SKNode+RoundedPosition.swift in Sources */ = {isa = PBXBuildFile; fileRef = 2072500025BE1BAC00F278CC /* SKNode+RoundedPosition.swift */; };
		2072500A25BE41AE00F278CC /* LaserSetterUpper.swift in Sources */ = {isa = PBXBuildFile; fileRef = 2072500925BE41AE00F278CC /* LaserSetterUpper.swift */; };
		20729D9725A9469B004F996A /* Level_2.sks in Resources */ = {isa = PBXBuildFile; fileRef = 20729D9625A9469B004F996A /* Level_2.sks */; };
		2076A89625A689D90085DA7A /* MainMenu.sks in Resources */ = {isa = PBXBuildFile; fileRef = 2076A89525A689D90085DA7A /* MainMenu.sks */; };
		2076A89B25A68A920085DA7A /* MSButtonNode.swift in Sources */ = {isa = PBXBuildFile; fileRef = 2076A89A25A68A920085DA7A /* MSButtonNode.swift */; };
		2076A8A025A68BED0085DA7A /* MainMenu.swift in Sources */ = {isa = PBXBuildFile; fileRef = 2076A89F25A68BED0085DA7A /* MainMenu.swift */; };
		20A04B1A26212DBC00C3BB1F /* StepLabel.swift in Sources */ = {isa = PBXBuildFile; fileRef = 20A04B1526212D7500C3BB1F /* StepLabel.swift */; };
		20A04B2526212E9700C3BB1F /* SwipeTracker.swift in Sources */ = {isa = PBXBuildFile; fileRef = 20A04B2426212E9700C3BB1F /* SwipeTracker.swift */; };
		20A04B332621388D00C3BB1F /* CoreDataManager.swift in Sources */ = {isa = PBXBuildFile; fileRef = 20A04B322621388D00C3BB1F /* CoreDataManager.swift */; };
		20A04B3C262139C200C3BB1F /* MockDataModelObjects.swift in Sources */ = {isa = PBXBuildFile; fileRef = 20A04B3B262139C200C3BB1F /* MockDataModelObjects.swift */; };
		20CE23BD25A37D8100200C0C /* Storage.swift in Sources */ = {isa = PBXBuildFile; fileRef = 20CE23BC25A37D8100200C0C /* Storage.swift */; };
		20CF046F25F8342800AB5086 /* MenuBoxMaker.swift in Sources */ = {isa = PBXBuildFile; fileRef = 20CF046E25F8342800AB5086 /* MenuBoxMaker.swift */; };
		20E2F805259BC439004BF34B /* AppDelegate.swift in Sources */ = {isa = PBXBuildFile; fileRef = 20E2F804259BC439004BF34B /* AppDelegate.swift */; };
		20E2F807259BC439004BF34B /* Level_1.sks in Resources */ = {isa = PBXBuildFile; fileRef = 20E2F806259BC439004BF34B /* Level_1.sks */; };
		20E2F809259BC439004BF34B /* Actions.sks in Resources */ = {isa = PBXBuildFile; fileRef = 20E2F808259BC439004BF34B /* Actions.sks */; };
		20E2F80B259BC439004BF34B /* GameScene.swift in Sources */ = {isa = PBXBuildFile; fileRef = 20E2F80A259BC439004BF34B /* GameScene.swift */; };
		20E2F80D259BC439004BF34B /* GameViewController.swift in Sources */ = {isa = PBXBuildFile; fileRef = 20E2F80C259BC439004BF34B /* GameViewController.swift */; };
		20E2F810259BC439004BF34B /* Main.storyboard in Resources */ = {isa = PBXBuildFile; fileRef = 20E2F80E259BC439004BF34B /* Main.storyboard */; };
		20E2F81D259BC43A004BF34B /* This_HarmonyTests.swift in Sources */ = {isa = PBXBuildFile; fileRef = 20E2F81C259BC43A004BF34B /* This_HarmonyTests.swift */; };
		20E2F828259BC43A004BF34B /* This_HarmonyUITests.swift in Sources */ = {isa = PBXBuildFile; fileRef = 20E2F827259BC43A004BF34B /* This_HarmonyUITests.swift */; };
		20EB18B825F02071004914A0 /* SelectLevelViewController.swift in Sources */ = {isa = PBXBuildFile; fileRef = 20EB18B725F02071004914A0 /* SelectLevelViewController.swift */; };
		20EB18C025F02D7D004914A0 /* LevelCell.swift in Sources */ = {isa = PBXBuildFile; fileRef = 20EB18BF25F02D7D004914A0 /* LevelCell.swift */; };
		20EB18C525F053EC004914A0 /* GameSceneButtonAndLabelMaker.swift in Sources */ = {isa = PBXBuildFile; fileRef = 20EB18C425F053EC004914A0 /* GameSceneButtonAndLabelMaker.swift */; };
		20ED276525B90B5700428A5F /* LaserPointer.swift in Sources */ = {isa = PBXBuildFile; fileRef = 20ED276425B90B5700428A5F /* LaserPointer.swift */; };
		20ED276A25B90C4300428A5F /* LaserBeam.swift in Sources */ = {isa = PBXBuildFile; fileRef = 20ED276925B90C4300428A5F /* LaserBeam.swift */; };
		20ED276F25B9199900428A5F /* GridPoint.swift in Sources */ = {isa = PBXBuildFile; fileRef = 20ED276E25B9199900428A5F /* GridPoint.swift */; };
		20F5922C259CDEED003C6A1D /* Player.swift in Sources */ = {isa = PBXBuildFile; fileRef = 20F5922B259CDEED003C6A1D /* Player.swift */; };
		20F59231259CE20C003C6A1D /* MovableTile.swift in Sources */ = {isa = PBXBuildFile; fileRef = 20F59230259CE20C003C6A1D /* MovableTile.swift */; };
		20F59236259CEFC9003C6A1D /* Crate.swift in Sources */ = {isa = PBXBuildFile; fileRef = 20F59235259CEFC9003C6A1D /* Crate.swift */; };
		20F59241259E85D0003C6A1D /* Grid.swift in Sources */ = {isa = PBXBuildFile; fileRef = 20F59240259E85D0003C6A1D /* Grid.swift */; };
		20F59246259EA747003C6A1D /* Floor.swift in Sources */ = {isa = PBXBuildFile; fileRef = 20F59245259EA747003C6A1D /* Floor.swift */; };
		20F59251259F71DD003C6A1D /* Tile.swift in Sources */ = {isa = PBXBuildFile; fileRef = 20F59250259F71DD003C6A1D /* Tile.swift */; };
		20F59256259F9D56003C6A1D /* Direction.swift in Sources */ = {isa = PBXBuildFile; fileRef = 20F59255259F9D56003C6A1D /* Direction.swift */; };
		20F5926125A136C1003C6A1D /* GridCreator.swift in Sources */ = {isa = PBXBuildFile; fileRef = 20F5926025A136C1003C6A1D /* GridCreator.swift */; };
		20F5927225A15C64003C6A1D /* Constants.swift in Sources */ = {isa = PBXBuildFile; fileRef = 20F5927125A15C64003C6A1D /* Constants.swift */; };
		20F5927725A17022003C6A1D /* PlayerMover.swift in Sources */ = {isa = PBXBuildFile; fileRef = 20F5927625A17022003C6A1D /* PlayerMover.swift */; };
/* End PBXBuildFile section */

/* Begin PBXContainerItemProxy section */
		20E2F819259BC43A004BF34B /* PBXContainerItemProxy */ = {
			isa = PBXContainerItemProxy;
			containerPortal = 20E2F7F9259BC439004BF34B /* Project object */;
			proxyType = 1;
			remoteGlobalIDString = 20E2F800259BC439004BF34B;
			remoteInfo = "This Harmony";
		};
		20E2F824259BC43A004BF34B /* PBXContainerItemProxy */ = {
			isa = PBXContainerItemProxy;
			containerPortal = 20E2F7F9259BC439004BF34B /* Project object */;
			proxyType = 1;
			remoteGlobalIDString = 20E2F800259BC439004BF34B;
			remoteInfo = "This Harmony";
		};
/* End PBXContainerItemProxy section */

/* Begin PBXFileReference section */
		20092BDC25AB8D5700D4677B /* TextLabel.swift */ = {isa = PBXFileReference; lastKnownFileType = sourcecode.swift; path = TextLabel.swift; sourceTree = "<group>"; };
		20583A8325BA752600A74914 /* player_cant_move.wav */ = {isa = PBXFileReference; lastKnownFileType = audio.wav; path = player_cant_move.wav; sourceTree = "<group>"; };
		20583A8B25BA75C500A74914 /* SoundPlayer.swift */ = {isa = PBXFileReference; lastKnownFileType = sourcecode.swift; path = SoundPlayer.swift; sourceTree = "<group>"; };
		206B700E2605599800B9716A /* SwipeRightTracker.swift */ = {isa = PBXFileReference; lastKnownFileType = sourcecode.swift; path = SwipeRightTracker.swift; sourceTree = "<group>"; };
		206B701626055C0E00B9716A /* SwipeLeftTracker.swift */ = {isa = PBXFileReference; lastKnownFileType = sourcecode.swift; path = SwipeLeftTracker.swift; sourceTree = "<group>"; };
		206B701B26055C9F00B9716A /* SwipeUpTracker.swift */ = {isa = PBXFileReference; lastKnownFileType = sourcecode.swift; path = SwipeUpTracker.swift; sourceTree = "<group>"; };
		206B702026055D0A00B9716A /* SwipeDownTracker.swift */ = {isa = PBXFileReference; lastKnownFileType = sourcecode.swift; path = SwipeDownTracker.swift; sourceTree = "<group>"; };
		206BC54B25BAFEBB00CD5967 /* Sound.swift */ = {isa = PBXFileReference; lastKnownFileType = sourcecode.swift; path = Sound.swift; sourceTree = "<group>"; };
		20724FFB25BE1B7800F278CC /* Array+Chunked.swift */ = {isa = PBXFileReference; lastKnownFileType = sourcecode.swift; path = "Array+Chunked.swift"; sourceTree = "<group>"; };
		2072500025BE1BAC00F278CC /* SKNode+RoundedPosition.swift */ = {isa = PBXFileReference; lastKnownFileType = sourcecode.swift; path = "SKNode+RoundedPosition.swift"; sourceTree = "<group>"; };
		2072500925BE41AE00F278CC /* LaserSetterUpper.swift */ = {isa = PBXFileReference; lastKnownFileType = sourcecode.swift; path = LaserSetterUpper.swift; sourceTree = "<group>"; };
		20729D9625A9469B004F996A /* Level_2.sks */ = {isa = PBXFileReference; lastKnownFileType = file.sks; path = Level_2.sks; sourceTree = "<group>"; };
		2076A89525A689D90085DA7A /* MainMenu.sks */ = {isa = PBXFileReference; lastKnownFileType = file.sks; path = MainMenu.sks; sourceTree = "<group>"; };
		2076A89A25A68A920085DA7A /* MSButtonNode.swift */ = {isa = PBXFileReference; lastKnownFileType = sourcecode.swift; path = MSButtonNode.swift; sourceTree = "<group>"; };
		2076A89F25A68BED0085DA7A /* MainMenu.swift */ = {isa = PBXFileReference; lastKnownFileType = sourcecode.swift; path = MainMenu.swift; sourceTree = "<group>"; };
		20A04B1526212D7500C3BB1F /* StepLabel.swift */ = {isa = PBXFileReference; lastKnownFileType = sourcecode.swift; name = StepLabel.swift; path = "This Harmony/Scene Buttons and Labels/StepLabel.swift"; sourceTree = SOURCE_ROOT; };
		20A04B2426212E9700C3BB1F /* SwipeTracker.swift */ = {isa = PBXFileReference; lastKnownFileType = sourcecode.swift; path = SwipeTracker.swift; sourceTree = "<group>"; };
		20A04B322621388D00C3BB1F /* CoreDataManager.swift */ = {isa = PBXFileReference; lastKnownFileType = sourcecode.swift; path = CoreDataManager.swift; sourceTree = "<group>"; };
		20A04B3B262139C200C3BB1F /* MockDataModelObjects.swift */ = {isa = PBXFileReference; lastKnownFileType = sourcecode.swift; path = MockDataModelObjects.swift; sourceTree = "<group>"; };
		20CE23BC25A37D8100200C0C /* Storage.swift */ = {isa = PBXFileReference; lastKnownFileType = sourcecode.swift; path = Storage.swift; sourceTree = "<group>"; };
		20CF046E25F8342800AB5086 /* MenuBoxMaker.swift */ = {isa = PBXFileReference; lastKnownFileType = sourcecode.swift; path = MenuBoxMaker.swift; sourceTree = "<group>"; };
		20E2F801259BC439004BF34B /* This Harmony.app */ = {isa = PBXFileReference; explicitFileType = wrapper.application; includeInIndex = 0; path = "This Harmony.app"; sourceTree = BUILT_PRODUCTS_DIR; };
		20E2F804259BC439004BF34B /* AppDelegate.swift */ = {isa = PBXFileReference; lastKnownFileType = sourcecode.swift; path = AppDelegate.swift; sourceTree = "<group>"; };
		20E2F806259BC439004BF34B /* Level_1.sks */ = {isa = PBXFileReference; lastKnownFileType = file.sks; path = Level_1.sks; sourceTree = "<group>"; };
		20E2F808259BC439004BF34B /* Actions.sks */ = {isa = PBXFileReference; lastKnownFileType = file.sks; path = Actions.sks; sourceTree = "<group>"; };
		20E2F80A259BC439004BF34B /* GameScene.swift */ = {isa = PBXFileReference; lastKnownFileType = sourcecode.swift; path = GameScene.swift; sourceTree = "<group>"; };
		20E2F80C259BC439004BF34B /* GameViewController.swift */ = {isa = PBXFileReference; lastKnownFileType = sourcecode.swift; path = GameViewController.swift; sourceTree = "<group>"; };
		20E2F80F259BC439004BF34B /* Base */ = {isa = PBXFileReference; lastKnownFileType = file.storyboard; name = Base; path = Base.lproj/Main.storyboard; sourceTree = "<group>"; };
		20E2F811259BC43A004BF34B /* Assets.xcassets */ = {isa = PBXFileReference; lastKnownFileType = folder.assetcatalog; path = Assets.xcassets; sourceTree = "<group>"; };
		20E2F813259BC43A004BF34B /* Info.plist */ = {isa = PBXFileReference; lastKnownFileType = text.plist.xml; path = Info.plist; sourceTree = "<group>"; };
		20E2F818259BC43A004BF34B /* This HarmonyTests.xctest */ = {isa = PBXFileReference; explicitFileType = wrapper.cfbundle; includeInIndex = 0; path = "This HarmonyTests.xctest"; sourceTree = BUILT_PRODUCTS_DIR; };
		20E2F81C259BC43A004BF34B /* This_HarmonyTests.swift */ = {isa = PBXFileReference; lastKnownFileType = sourcecode.swift; path = This_HarmonyTests.swift; sourceTree = "<group>"; };
		20E2F81E259BC43A004BF34B /* Info.plist */ = {isa = PBXFileReference; lastKnownFileType = text.plist.xml; path = Info.plist; sourceTree = "<group>"; };
		20E2F823259BC43A004BF34B /* This HarmonyUITests.xctest */ = {isa = PBXFileReference; explicitFileType = wrapper.cfbundle; includeInIndex = 0; path = "This HarmonyUITests.xctest"; sourceTree = BUILT_PRODUCTS_DIR; };
		20E2F827259BC43A004BF34B /* This_HarmonyUITests.swift */ = {isa = PBXFileReference; lastKnownFileType = sourcecode.swift; path = This_HarmonyUITests.swift; sourceTree = "<group>"; };
		20E2F829259BC43A004BF34B /* Info.plist */ = {isa = PBXFileReference; lastKnownFileType = text.plist.xml; path = Info.plist; sourceTree = "<group>"; };
		20EB18B725F02071004914A0 /* SelectLevelViewController.swift */ = {isa = PBXFileReference; lastKnownFileType = sourcecode.swift; path = SelectLevelViewController.swift; sourceTree = SOURCE_ROOT; };
		20EB18BF25F02D7D004914A0 /* LevelCell.swift */ = {isa = PBXFileReference; lastKnownFileType = sourcecode.swift; path = LevelCell.swift; sourceTree = "<group>"; };
		20EB18C425F053EC004914A0 /* GameSceneButtonAndLabelMaker.swift */ = {isa = PBXFileReference; lastKnownFileType = sourcecode.swift; path = GameSceneButtonAndLabelMaker.swift; sourceTree = "<group>"; };
		20ED276425B90B5700428A5F /* LaserPointer.swift */ = {isa = PBXFileReference; lastKnownFileType = sourcecode.swift; path = LaserPointer.swift; sourceTree = "<group>"; };
		20ED276925B90C4300428A5F /* LaserBeam.swift */ = {isa = PBXFileReference; lastKnownFileType = sourcecode.swift; path = LaserBeam.swift; sourceTree = "<group>"; };
		20ED276E25B9199900428A5F /* GridPoint.swift */ = {isa = PBXFileReference; lastKnownFileType = sourcecode.swift; path = GridPoint.swift; sourceTree = "<group>"; };
		20F5922B259CDEED003C6A1D /* Player.swift */ = {isa = PBXFileReference; lastKnownFileType = sourcecode.swift; path = Player.swift; sourceTree = "<group>"; };
		20F59230259CE20C003C6A1D /* MovableTile.swift */ = {isa = PBXFileReference; lastKnownFileType = sourcecode.swift; path = MovableTile.swift; sourceTree = "<group>"; };
		20F59235259CEFC9003C6A1D /* Crate.swift */ = {isa = PBXFileReference; lastKnownFileType = sourcecode.swift; path = Crate.swift; sourceTree = "<group>"; };
		20F59240259E85D0003C6A1D /* Grid.swift */ = {isa = PBXFileReference; lastKnownFileType = sourcecode.swift; path = Grid.swift; sourceTree = "<group>"; };
		20F59245259EA747003C6A1D /* Floor.swift */ = {isa = PBXFileReference; lastKnownFileType = sourcecode.swift; path = Floor.swift; sourceTree = "<group>"; };
		20F59250259F71DD003C6A1D /* Tile.swift */ = {isa = PBXFileReference; lastKnownFileType = sourcecode.swift; path = Tile.swift; sourceTree = "<group>"; };
		20F59255259F9D56003C6A1D /* Direction.swift */ = {isa = PBXFileReference; lastKnownFileType = sourcecode.swift; path = Direction.swift; sourceTree = "<group>"; };
		20F5926025A136C1003C6A1D /* GridCreator.swift */ = {isa = PBXFileReference; lastKnownFileType = sourcecode.swift; path = GridCreator.swift; sourceTree = "<group>"; };
		20F5927125A15C64003C6A1D /* Constants.swift */ = {isa = PBXFileReference; lastKnownFileType = sourcecode.swift; path = Constants.swift; sourceTree = "<group>"; };
		20F5927625A17022003C6A1D /* PlayerMover.swift */ = {isa = PBXFileReference; lastKnownFileType = sourcecode.swift; path = PlayerMover.swift; sourceTree = "<group>"; };
/* End PBXFileReference section */

/* Begin PBXFrameworksBuildPhase section */
		20E2F7FE259BC439004BF34B /* Frameworks */ = {
			isa = PBXFrameworksBuildPhase;
			buildActionMask = 2147483647;
			files = (
			);
			runOnlyForDeploymentPostprocessing = 0;
		};
		20E2F815259BC43A004BF34B /* Frameworks */ = {
			isa = PBXFrameworksBuildPhase;
			buildActionMask = 2147483647;
			files = (
			);
			runOnlyForDeploymentPostprocessing = 0;
		};
		20E2F820259BC43A004BF34B /* Frameworks */ = {
			isa = PBXFrameworksBuildPhase;
			buildActionMask = 2147483647;
			files = (
			);
			runOnlyForDeploymentPostprocessing = 0;
		};
/* End PBXFrameworksBuildPhase section */

/* Begin PBXGroup section */
		20583A9325BA780400A74914 /* Sounds */ = {
			isa = PBXGroup;
			children = (
				20583A8325BA752600A74914 /* player_cant_move.wav */,
				20583A8B25BA75C500A74914 /* SoundPlayer.swift */,
				206BC54B25BAFEBB00CD5967 /* Sound.swift */,
			);
			path = Sounds;
			sourceTree = "<group>";
		};
		206B702526055E5500B9716A /* GameScene Handling */ = {
			isa = PBXGroup;
			children = (
				20E2F80A259BC439004BF34B /* GameScene.swift */,
				206B702926055E9500B9716A /* Swipe Handling */,
				20CF046E25F8342800AB5086 /* MenuBoxMaker.swift */,
				20EB18C425F053EC004914A0 /* GameSceneButtonAndLabelMaker.swift */,
			);
			path = "GameScene Handling";
			sourceTree = "<group>";
		};
		206B702926055E9500B9716A /* Swipe Handling */ = {
			isa = PBXGroup;
			children = (
				20A04B2426212E9700C3BB1F /* SwipeTracker.swift */,
				206B702026055D0A00B9716A /* SwipeDownTracker.swift */,
				206B701B26055C9F00B9716A /* SwipeUpTracker.swift */,
				206B701626055C0E00B9716A /* SwipeLeftTracker.swift */,
				206B700E2605599800B9716A /* SwipeRightTracker.swift */,
			);
			path = "Swipe Handling";
			sourceTree = "<group>";
		};
		2072500525BE1BBB00F278CC /* Extensions */ = {
			isa = PBXGroup;
			children = (
				20724FFB25BE1B7800F278CC /* Array+Chunked.swift */,
				2072500025BE1BAC00F278CC /* SKNode+RoundedPosition.swift */,
			);
			path = Extensions;
			sourceTree = "<group>";
		};
		20A04B372621389900C3BB1F /* Data Model */ = {
			isa = PBXGroup;
			children = (
				20A04B322621388D00C3BB1F /* CoreDataManager.swift */,
			);
			path = "Data Model";
			sourceTree = "<group>";
		};
		20E2F7F8259BC439004BF34B = {
			isa = PBXGroup;
			children = (
				20E2F803259BC439004BF34B /* This Harmony */,
				20E2F81B259BC43A004BF34B /* This HarmonyTests */,
				20E2F826259BC43A004BF34B /* This HarmonyUITests */,
				20E2F802259BC439004BF34B /* Products */,
			);
			sourceTree = "<group>";
		};
		20E2F802259BC439004BF34B /* Products */ = {
			isa = PBXGroup;
			children = (
				20E2F801259BC439004BF34B /* This Harmony.app */,
				20E2F818259BC43A004BF34B /* This HarmonyTests.xctest */,
				20E2F823259BC43A004BF34B /* This HarmonyUITests.xctest */,
			);
			name = Products;
			sourceTree = "<group>";
		};
		20E2F803259BC439004BF34B /* This Harmony */ = {
			isa = PBXGroup;
			children = (
				20A04B372621389900C3BB1F /* Data Model */,
				20E2F804259BC439004BF34B /* AppDelegate.swift */,
				20ED277A25B92C7100428A5F /* Levels */,
				20ED277625B92C6500428A5F /* Tiles */,
				20F5927125A15C64003C6A1D /* Constants.swift */,
				20E2F808259BC439004BF34B /* Actions.sks */,
				20ED278325B92CB200428A5F /* Scene Buttons and Labels */,
				20ED277B25B92C8C00428A5F /* Grid and Movement */,
				20583A9325BA780400A74914 /* Sounds */,
				206B702526055E5500B9716A /* GameScene Handling */,
				20E2F80C259BC439004BF34B /* GameViewController.swift */,
				20ED277F25B92CA500428A5F /* Main Menu */,
				20E2F80E259BC439004BF34B /* Main.storyboard */,
				20EB18BF25F02D7D004914A0 /* LevelCell.swift */,
				20EB18B725F02071004914A0 /* SelectLevelViewController.swift */,
				20E2F811259BC43A004BF34B /* Assets.xcassets */,
				20E2F813259BC43A004BF34B /* Info.plist */,
				2072500525BE1BBB00F278CC /* Extensions */,
			);
			path = "This Harmony";
			sourceTree = "<group>";
		};
		20E2F81B259BC43A004BF34B /* This HarmonyTests */ = {
			isa = PBXGroup;
			children = (
				20E2F81C259BC43A004BF34B /* This_HarmonyTests.swift */,
				20A04B3B262139C200C3BB1F /* MockDataModelObjects.swift */,
				20E2F81E259BC43A004BF34B /* Info.plist */,
			);
			path = "This HarmonyTests";
			sourceTree = "<group>";
		};
		20E2F826259BC43A004BF34B /* This HarmonyUITests */ = {
			isa = PBXGroup;
			children = (
				20E2F827259BC43A004BF34B /* This_HarmonyUITests.swift */,
				20E2F829259BC43A004BF34B /* Info.plist */,
			);
			path = "This HarmonyUITests";
			sourceTree = "<group>";
		};
		20ED277625B92C6500428A5F /* Tiles */ = {
			isa = PBXGroup;
			children = (
				20ED276925B90C4300428A5F /* LaserBeam.swift */,
				20ED276425B90B5700428A5F /* LaserPointer.swift */,
				20F5922B259CDEED003C6A1D /* Player.swift */,
				20F59235259CEFC9003C6A1D /* Crate.swift */,
				20F59230259CE20C003C6A1D /* MovableTile.swift */,
				20F59250259F71DD003C6A1D /* Tile.swift */,
				20F59245259EA747003C6A1D /* Floor.swift */,
				20CE23BC25A37D8100200C0C /* Storage.swift */,
			);
			path = Tiles;
			sourceTree = "<group>";
		};
		20ED277A25B92C7100428A5F /* Levels */ = {
			isa = PBXGroup;
			children = (
				20E2F806259BC439004BF34B /* Level_1.sks */,
				20729D9625A9469B004F996A /* Level_2.sks */,
			);
			path = Levels;
			sourceTree = "<group>";
		};
		20ED277B25B92C8C00428A5F /* Grid and Movement */ = {
			isa = PBXGroup;
			children = (
				20F59240259E85D0003C6A1D /* Grid.swift */,
				20F5926025A136C1003C6A1D /* GridCreator.swift */,
				20F5927625A17022003C6A1D /* PlayerMover.swift */,
				20ED276E25B9199900428A5F /* GridPoint.swift */,
				2072500925BE41AE00F278CC /* LaserSetterUpper.swift */,
				20F59255259F9D56003C6A1D /* Direction.swift */,
			);
			path = "Grid and Movement";
			sourceTree = "<group>";
		};
		20ED277F25B92CA500428A5F /* Main Menu */ = {
			isa = PBXGroup;
			children = (
				2076A89525A689D90085DA7A /* MainMenu.sks */,
				2076A89F25A68BED0085DA7A /* MainMenu.swift */,
			);
			path = "Main Menu";
			sourceTree = "<group>";
		};
		20ED278325B92CB200428A5F /* Scene Buttons and Labels */ = {
			isa = PBXGroup;
			children = (
				20A04B1526212D7500C3BB1F /* StepLabel.swift */,
				20092BDC25AB8D5700D4677B /* TextLabel.swift */,
				2076A89A25A68A920085DA7A /* MSButtonNode.swift */,
			);
			path = "Scene Buttons and Labels";
			sourceTree = "<group>";
		};
/* End PBXGroup section */

/* Begin PBXNativeTarget section */
		20E2F800259BC439004BF34B /* This Harmony */ = {
			isa = PBXNativeTarget;
			buildConfigurationList = 20E2F82C259BC43A004BF34B /* Build configuration list for PBXNativeTarget "This Harmony" */;
			buildPhases = (
				20E2F7FD259BC439004BF34B /* Sources */,
				20E2F7FE259BC439004BF34B /* Frameworks */,
				20E2F7FF259BC439004BF34B /* Resources */,
			);
			buildRules = (
			);
			dependencies = (
			);
			name = "This Harmony";
			productName = "This Harmony";
			productReference = 20E2F801259BC439004BF34B /* This Harmony.app */;
			productType = "com.apple.product-type.application";
		};
		20E2F817259BC43A004BF34B /* This HarmonyTests */ = {
			isa = PBXNativeTarget;
			buildConfigurationList = 20E2F82F259BC43A004BF34B /* Build configuration list for PBXNativeTarget "This HarmonyTests" */;
			buildPhases = (
				20E2F814259BC43A004BF34B /* Sources */,
				20E2F815259BC43A004BF34B /* Frameworks */,
				20E2F816259BC43A004BF34B /* Resources */,
			);
			buildRules = (
			);
			dependencies = (
				20E2F81A259BC43A004BF34B /* PBXTargetDependency */,
			);
			name = "This HarmonyTests";
			productName = "This HarmonyTests";
			productReference = 20E2F818259BC43A004BF34B /* This HarmonyTests.xctest */;
			productType = "com.apple.product-type.bundle.unit-test";
		};
		20E2F822259BC43A004BF34B /* This HarmonyUITests */ = {
			isa = PBXNativeTarget;
			buildConfigurationList = 20E2F832259BC43A004BF34B /* Build configuration list for PBXNativeTarget "This HarmonyUITests" */;
			buildPhases = (
				20E2F81F259BC43A004BF34B /* Sources */,
				20E2F820259BC43A004BF34B /* Frameworks */,
				20E2F821259BC43A004BF34B /* Resources */,
			);
			buildRules = (
			);
			dependencies = (
				20E2F825259BC43A004BF34B /* PBXTargetDependency */,
			);
			name = "This HarmonyUITests";
			productName = "This HarmonyUITests";
			productReference = 20E2F823259BC43A004BF34B /* This HarmonyUITests.xctest */;
			productType = "com.apple.product-type.bundle.ui-testing";
		};
/* End PBXNativeTarget section */

/* Begin PBXProject section */
		20E2F7F9259BC439004BF34B /* Project object */ = {
			isa = PBXProject;
			attributes = {
				LastSwiftUpdateCheck = 1230;
				LastUpgradeCheck = 1230;
				TargetAttributes = {
					20E2F800259BC439004BF34B = {
						CreatedOnToolsVersion = 12.3;
					};
					20E2F817259BC43A004BF34B = {
						CreatedOnToolsVersion = 12.3;
						TestTargetID = 20E2F800259BC439004BF34B;
					};
					20E2F822259BC43A004BF34B = {
						CreatedOnToolsVersion = 12.3;
						TestTargetID = 20E2F800259BC439004BF34B;
					};
				};
			};
			buildConfigurationList = 20E2F7FC259BC439004BF34B /* Build configuration list for PBXProject "This Harmony" */;
			compatibilityVersion = "Xcode 9.3";
			developmentRegion = en;
			hasScannedForEncodings = 0;
			knownRegions = (
				en,
				Base,
			);
			mainGroup = 20E2F7F8259BC439004BF34B;
			productRefGroup = 20E2F802259BC439004BF34B /* Products */;
			projectDirPath = "";
			projectRoot = "";
			targets = (
				20E2F800259BC439004BF34B /* This Harmony */,
				20E2F817259BC43A004BF34B /* This HarmonyTests */,
				20E2F822259BC43A004BF34B /* This HarmonyUITests */,
			);
		};
/* End PBXProject section */

/* Begin PBXResourcesBuildPhase section */
		20E2F7FF259BC439004BF34B /* Resources */ = {
			isa = PBXResourcesBuildPhase;
			buildActionMask = 2147483647;
			files = (
				20E2F810259BC439004BF34B /* Main.storyboard in Resources */,
				20583A8425BA752600A74914 /* player_cant_move.wav in Resources */,
				20E2F807259BC439004BF34B /* Level_1.sks in Resources */,
				20729D9725A9469B004F996A /* Level_2.sks in Resources */,
				2076A89625A689D90085DA7A /* MainMenu.sks in Resources */,
				20583A7F25BA740900A74914 /* Assets.xcassets in Resources */,
				20E2F809259BC439004BF34B /* Actions.sks in Resources */,
			);
			runOnlyForDeploymentPostprocessing = 0;
		};
		20E2F816259BC43A004BF34B /* Resources */ = {
			isa = PBXResourcesBuildPhase;
			buildActionMask = 2147483647;
			files = (
			);
			runOnlyForDeploymentPostprocessing = 0;
		};
		20E2F821259BC43A004BF34B /* Resources */ = {
			isa = PBXResourcesBuildPhase;
			buildActionMask = 2147483647;
			files = (
			);
			runOnlyForDeploymentPostprocessing = 0;
		};
/* End PBXResourcesBuildPhase section */

/* Begin PBXSourcesBuildPhase section */
		20E2F7FD259BC439004BF34B /* Sources */ = {
			isa = PBXSourcesBuildPhase;
			buildActionMask = 2147483647;
			files = (
				20EB18C025F02D7D004914A0 /* LevelCell.swift in Sources */,
				20F59246259EA747003C6A1D /* Floor.swift in Sources */,
				206BC54C25BAFEBB00CD5967 /* Sound.swift in Sources */,
				20583A8C25BA75C500A74914 /* SoundPlayer.swift in Sources */,
				20CE23BD25A37D8100200C0C /* Storage.swift in Sources */,
				2072500125BE1BAC00F278CC /* SKNode+RoundedPosition.swift in Sources */,
				20A04B332621388D00C3BB1F /* CoreDataManager.swift in Sources */,
				20CF046F25F8342800AB5086 /* MenuBoxMaker.swift in Sources */,
				20F5922C259CDEED003C6A1D /* Player.swift in Sources */,
				206B701C26055C9F00B9716A /* SwipeUpTracker.swift in Sources */,
				20ED276525B90B5700428A5F /* LaserPointer.swift in Sources */,
				20EB18C525F053EC004914A0 /* GameSceneButtonAndLabelMaker.swift in Sources */,
				20EB18B825F02071004914A0 /* SelectLevelViewController.swift in Sources */,
				20A04B1A26212DBC00C3BB1F /* StepLabel.swift in Sources */,
				2076A8A025A68BED0085DA7A /* MainMenu.swift in Sources */,
				20F59236259CEFC9003C6A1D /* Crate.swift in Sources */,
				20724FFC25BE1B7800F278CC /* Array+Chunked.swift in Sources */,
				20A04B2526212E9700C3BB1F /* SwipeTracker.swift in Sources */,
				20F59256259F9D56003C6A1D /* Direction.swift in Sources */,
				20092BDD25AB8D5700D4677B /* TextLabel.swift in Sources */,
				20E2F80B259BC439004BF34B /* GameScene.swift in Sources */,
				20E2F80D259BC439004BF34B /* GameViewController.swift in Sources */,
				20F59231259CE20C003C6A1D /* MovableTile.swift in Sources */,
				20F59251259F71DD003C6A1D /* Tile.swift in Sources */,
				2076A89B25A68A920085DA7A /* MSButtonNode.swift in Sources */,
				20F5927725A17022003C6A1D /* PlayerMover.swift in Sources */,
				20F59241259E85D0003C6A1D /* Grid.swift in Sources */,
				20F5926125A136C1003C6A1D /* GridCreator.swift in Sources */,
				20ED276F25B9199900428A5F /* GridPoint.swift in Sources */,
				206B700F2605599800B9716A /* SwipeRightTracker.swift in Sources */,
				206B702126055D0A00B9716A /* SwipeDownTracker.swift in Sources */,
				20E2F805259BC439004BF34B /* AppDelegate.swift in Sources */,
				20ED276A25B90C4300428A5F /* LaserBeam.swift in Sources */,
				2072500A25BE41AE00F278CC /* LaserSetterUpper.swift in Sources */,
				206B701726055C0E00B9716A /* SwipeLeftTracker.swift in Sources */,
				20F5927225A15C64003C6A1D /* Constants.swift in Sources */,
			);
			runOnlyForDeploymentPostprocessing = 0;
		};
		20E2F814259BC43A004BF34B /* Sources */ = {
			isa = PBXSourcesBuildPhase;
			buildActionMask = 2147483647;
			files = (
				20A04B3C262139C200C3BB1F /* MockDataModelObjects.swift in Sources */,
				20E2F81D259BC43A004BF34B /* This_HarmonyTests.swift in Sources */,
			);
			runOnlyForDeploymentPostprocessing = 0;
		};
		20E2F81F259BC43A004BF34B /* Sources */ = {
			isa = PBXSourcesBuildPhase;
			buildActionMask = 2147483647;
			files = (
				20E2F828259BC43A004BF34B /* This_HarmonyUITests.swift in Sources */,
			);
			runOnlyForDeploymentPostprocessing = 0;
		};
/* End PBXSourcesBuildPhase section */

/* Begin PBXTargetDependency section */
		20E2F81A259BC43A004BF34B /* PBXTargetDependency */ = {
			isa = PBXTargetDependency;
			target = 20E2F800259BC439004BF34B /* This Harmony */;
			targetProxy = 20E2F819259BC43A004BF34B /* PBXContainerItemProxy */;
		};
		20E2F825259BC43A004BF34B /* PBXTargetDependency */ = {
			isa = PBXTargetDependency;
			target = 20E2F800259BC439004BF34B /* This Harmony */;
			targetProxy = 20E2F824259BC43A004BF34B /* PBXContainerItemProxy */;
		};
/* End PBXTargetDependency section */

/* Begin PBXVariantGroup section */
		20E2F80E259BC439004BF34B /* Main.storyboard */ = {
			isa = PBXVariantGroup;
			children = (
				20E2F80F259BC439004BF34B /* Base */,
			);
			name = Main.storyboard;
			sourceTree = "<group>";
		};
/* End PBXVariantGroup section */

/* Begin XCBuildConfiguration section */
		20E2F82A259BC43A004BF34B /* Debug */ = {
			isa = XCBuildConfiguration;
			buildSettings = {
				ALWAYS_SEARCH_USER_PATHS = NO;
				CLANG_ANALYZER_NONNULL = YES;
				CLANG_ANALYZER_NUMBER_OBJECT_CONVERSION = YES_AGGRESSIVE;
				CLANG_CXX_LANGUAGE_STANDARD = "gnu++14";
				CLANG_CXX_LIBRARY = "libc++";
				CLANG_ENABLE_MODULES = YES;
				CLANG_ENABLE_OBJC_ARC = YES;
				CLANG_ENABLE_OBJC_WEAK = YES;
				CLANG_WARN_BLOCK_CAPTURE_AUTORELEASING = YES;
				CLANG_WARN_BOOL_CONVERSION = YES;
				CLANG_WARN_COMMA = YES;
				CLANG_WARN_CONSTANT_CONVERSION = YES;
				CLANG_WARN_DEPRECATED_OBJC_IMPLEMENTATIONS = YES;
				CLANG_WARN_DIRECT_OBJC_ISA_USAGE = YES_ERROR;
				CLANG_WARN_DOCUMENTATION_COMMENTS = YES;
				CLANG_WARN_EMPTY_BODY = YES;
				CLANG_WARN_ENUM_CONVERSION = YES;
				CLANG_WARN_INFINITE_RECURSION = YES;
				CLANG_WARN_INT_CONVERSION = YES;
				CLANG_WARN_NON_LITERAL_NULL_CONVERSION = YES;
				CLANG_WARN_OBJC_IMPLICIT_RETAIN_SELF = YES;
				CLANG_WARN_OBJC_LITERAL_CONVERSION = YES;
				CLANG_WARN_OBJC_ROOT_CLASS = YES_ERROR;
				CLANG_WARN_QUOTED_INCLUDE_IN_FRAMEWORK_HEADER = YES;
				CLANG_WARN_RANGE_LOOP_ANALYSIS = YES;
				CLANG_WARN_STRICT_PROTOTYPES = YES;
				CLANG_WARN_SUSPICIOUS_MOVE = YES;
				CLANG_WARN_UNGUARDED_AVAILABILITY = YES_AGGRESSIVE;
				CLANG_WARN_UNREACHABLE_CODE = YES;
				CLANG_WARN__DUPLICATE_METHOD_MATCH = YES;
				COPY_PHASE_STRIP = NO;
				DEBUG_INFORMATION_FORMAT = dwarf;
				ENABLE_STRICT_OBJC_MSGSEND = YES;
				ENABLE_TESTABILITY = YES;
				GCC_C_LANGUAGE_STANDARD = gnu11;
				GCC_DYNAMIC_NO_PIC = NO;
				GCC_NO_COMMON_BLOCKS = YES;
				GCC_OPTIMIZATION_LEVEL = 0;
				GCC_PREPROCESSOR_DEFINITIONS = (
					"DEBUG=1",
					"$(inherited)",
				);
				GCC_WARN_64_TO_32_BIT_CONVERSION = YES;
				GCC_WARN_ABOUT_RETURN_TYPE = YES_ERROR;
				GCC_WARN_UNDECLARED_SELECTOR = YES;
				GCC_WARN_UNINITIALIZED_AUTOS = YES_AGGRESSIVE;
				GCC_WARN_UNUSED_FUNCTION = YES;
				GCC_WARN_UNUSED_VARIABLE = YES;
				IPHONEOS_DEPLOYMENT_TARGET = 14.3;
				MTL_ENABLE_DEBUG_INFO = INCLUDE_SOURCE;
				MTL_FAST_MATH = YES;
				ONLY_ACTIVE_ARCH = YES;
				SDKROOT = iphoneos;
				SWIFT_ACTIVE_COMPILATION_CONDITIONS = DEBUG;
				SWIFT_OPTIMIZATION_LEVEL = "-Onone";
			};
			name = Debug;
		};
		20E2F82B259BC43A004BF34B /* Release */ = {
			isa = XCBuildConfiguration;
			buildSettings = {
				ALWAYS_SEARCH_USER_PATHS = NO;
				CLANG_ANALYZER_NONNULL = YES;
				CLANG_ANALYZER_NUMBER_OBJECT_CONVERSION = YES_AGGRESSIVE;
				CLANG_CXX_LANGUAGE_STANDARD = "gnu++14";
				CLANG_CXX_LIBRARY = "libc++";
				CLANG_ENABLE_MODULES = YES;
				CLANG_ENABLE_OBJC_ARC = YES;
				CLANG_ENABLE_OBJC_WEAK = YES;
				CLANG_WARN_BLOCK_CAPTURE_AUTORELEASING = YES;
				CLANG_WARN_BOOL_CONVERSION = YES;
				CLANG_WARN_COMMA = YES;
				CLANG_WARN_CONSTANT_CONVERSION = YES;
				CLANG_WARN_DEPRECATED_OBJC_IMPLEMENTATIONS = YES;
				CLANG_WARN_DIRECT_OBJC_ISA_USAGE = YES_ERROR;
				CLANG_WARN_DOCUMENTATION_COMMENTS = YES;
				CLANG_WARN_EMPTY_BODY = YES;
				CLANG_WARN_ENUM_CONVERSION = YES;
				CLANG_WARN_INFINITE_RECURSION = YES;
				CLANG_WARN_INT_CONVERSION = YES;
				CLANG_WARN_NON_LITERAL_NULL_CONVERSION = YES;
				CLANG_WARN_OBJC_IMPLICIT_RETAIN_SELF = YES;
				CLANG_WARN_OBJC_LITERAL_CONVERSION = YES;
				CLANG_WARN_OBJC_ROOT_CLASS = YES_ERROR;
				CLANG_WARN_QUOTED_INCLUDE_IN_FRAMEWORK_HEADER = YES;
				CLANG_WARN_RANGE_LOOP_ANALYSIS = YES;
				CLANG_WARN_STRICT_PROTOTYPES = YES;
				CLANG_WARN_SUSPICIOUS_MOVE = YES;
				CLANG_WARN_UNGUARDED_AVAILABILITY = YES_AGGRESSIVE;
				CLANG_WARN_UNREACHABLE_CODE = YES;
				CLANG_WARN__DUPLICATE_METHOD_MATCH = YES;
				COPY_PHASE_STRIP = NO;
				DEBUG_INFORMATION_FORMAT = "dwarf-with-dsym";
				ENABLE_NS_ASSERTIONS = NO;
				ENABLE_STRICT_OBJC_MSGSEND = YES;
				GCC_C_LANGUAGE_STANDARD = gnu11;
				GCC_NO_COMMON_BLOCKS = YES;
				GCC_WARN_64_TO_32_BIT_CONVERSION = YES;
				GCC_WARN_ABOUT_RETURN_TYPE = YES_ERROR;
				GCC_WARN_UNDECLARED_SELECTOR = YES;
				GCC_WARN_UNINITIALIZED_AUTOS = YES_AGGRESSIVE;
				GCC_WARN_UNUSED_FUNCTION = YES;
				GCC_WARN_UNUSED_VARIABLE = YES;
				IPHONEOS_DEPLOYMENT_TARGET = 14.3;
				MTL_ENABLE_DEBUG_INFO = NO;
				MTL_FAST_MATH = YES;
				SDKROOT = iphoneos;
				SWIFT_COMPILATION_MODE = wholemodule;
				SWIFT_OPTIMIZATION_LEVEL = "-O";
				VALIDATE_PRODUCT = YES;
			};
			name = Release;
		};
		20E2F82D259BC43A004BF34B /* Debug */ = {
			isa = XCBuildConfiguration;
			buildSettings = {
				ASSETCATALOG_COMPILER_APPICON_NAME = AppIcon;
				ASSETCATALOG_COMPILER_GLOBAL_ACCENT_COLOR_NAME = AccentColor;
				CODE_SIGN_STYLE = Automatic;
				DEVELOPMENT_TEAM = 7B2325RV8T;
				INFOPLIST_FILE = "This Harmony/Info.plist";
				LD_RUNPATH_SEARCH_PATHS = (
					"$(inherited)",
					"@executable_path/Frameworks",
				);
				PRODUCT_BUNDLE_IDENTIFIER = "com.nostaw.This-Harmony";
				PRODUCT_NAME = "$(TARGET_NAME)";
				SWIFT_VERSION = 5.0;
				TARGETED_DEVICE_FAMILY = "1,2";
			};
			name = Debug;
		};
		20E2F82E259BC43A004BF34B /* Release */ = {
			isa = XCBuildConfiguration;
			buildSettings = {
				ASSETCATALOG_COMPILER_APPICON_NAME = AppIcon;
				ASSETCATALOG_COMPILER_GLOBAL_ACCENT_COLOR_NAME = AccentColor;
				CODE_SIGN_STYLE = Automatic;
				DEVELOPMENT_TEAM = 7B2325RV8T;
				INFOPLIST_FILE = "This Harmony/Info.plist";
				LD_RUNPATH_SEARCH_PATHS = (
					"$(inherited)",
					"@executable_path/Frameworks",
				);
				PRODUCT_BUNDLE_IDENTIFIER = "com.nostaw.This-Harmony";
				PRODUCT_NAME = "$(TARGET_NAME)";
				SWIFT_VERSION = 5.0;
				TARGETED_DEVICE_FAMILY = "1,2";
			};
			name = Release;
		};
		20E2F830259BC43A004BF34B /* Debug */ = {
			isa = XCBuildConfiguration;
			buildSettings = {
				ALWAYS_EMBED_SWIFT_STANDARD_LIBRARIES = YES;
				BUNDLE_LOADER = "$(TEST_HOST)";
				CODE_SIGN_STYLE = Automatic;
				DEVELOPMENT_TEAM = 7B2325RV8T;
				INFOPLIST_FILE = "This HarmonyTests/Info.plist";
				IPHONEOS_DEPLOYMENT_TARGET = 14.3;
				LD_RUNPATH_SEARCH_PATHS = (
					"$(inherited)",
					"@executable_path/Frameworks",
					"@loader_path/Frameworks",
				);
				PRODUCT_BUNDLE_IDENTIFIER = "com.nostaw.This-HarmonyTests";
				PRODUCT_NAME = "$(TARGET_NAME)";
				SWIFT_VERSION = 5.0;
				TARGETED_DEVICE_FAMILY = "1,2";
				TEST_HOST = "$(BUILT_PRODUCTS_DIR)/This Harmony.app/This Harmony";
			};
			name = Debug;
		};
		20E2F831259BC43A004BF34B /* Release */ = {
			isa = XCBuildConfiguration;
			buildSettings = {
				ALWAYS_EMBED_SWIFT_STANDARD_LIBRARIES = YES;
				BUNDLE_LOADER = "$(TEST_HOST)";
				CODE_SIGN_STYLE = Automatic;
				DEVELOPMENT_TEAM = 7B2325RV8T;
				INFOPLIST_FILE = "This HarmonyTests/Info.plist";
				IPHONEOS_DEPLOYMENT_TARGET = 14.3;
				LD_RUNPATH_SEARCH_PATHS = (
					"$(inherited)",
					"@executable_path/Frameworks",
					"@loader_path/Frameworks",
				);
				PRODUCT_BUNDLE_IDENTIFIER = "com.nostaw.This-HarmonyTests";
				PRODUCT_NAME = "$(TARGET_NAME)";
				SWIFT_VERSION = 5.0;
				TARGETED_DEVICE_FAMILY = "1,2";
				TEST_HOST = "$(BUILT_PRODUCTS_DIR)/This Harmony.app/This Harmony";
			};
			name = Release;
		};
		20E2F833259BC43A004BF34B /* Debug */ = {
			isa = XCBuildConfiguration;
			buildSettings = {
				ALWAYS_EMBED_SWIFT_STANDARD_LIBRARIES = YES;
				CODE_SIGN_STYLE = Automatic;
				DEVELOPMENT_TEAM = 7B2325RV8T;
				INFOPLIST_FILE = "This HarmonyUITests/Info.plist";
				LD_RUNPATH_SEARCH_PATHS = (
					"$(inherited)",
					"@executable_path/Frameworks",
					"@loader_path/Frameworks",
				);
				PRODUCT_BUNDLE_IDENTIFIER = "com.nostaw.This-HarmonyUITests";
				PRODUCT_NAME = "$(TARGET_NAME)";
				SWIFT_VERSION = 5.0;
				TARGETED_DEVICE_FAMILY = "1,2";
				TEST_TARGET_NAME = "This Harmony";
			};
			name = Debug;
		};
		20E2F834259BC43A004BF34B /* Release */ = {
			isa = XCBuildConfiguration;
			buildSettings = {
				ALWAYS_EMBED_SWIFT_STANDARD_LIBRARIES = YES;
				CODE_SIGN_STYLE = Automatic;
				DEVELOPMENT_TEAM = 7B2325RV8T;
				INFOPLIST_FILE = "This HarmonyUITests/Info.plist";
				LD_RUNPATH_SEARCH_PATHS = (
					"$(inherited)",
					"@executable_path/Frameworks",
					"@loader_path/Frameworks",
				);
				PRODUCT_BUNDLE_IDENTIFIER = "com.nostaw.This-HarmonyUITests";
				PRODUCT_NAME = "$(TARGET_NAME)";
				SWIFT_VERSION = 5.0;
				TARGETED_DEVICE_FAMILY = "1,2";
				TEST_TARGET_NAME = "This Harmony";
			};
			name = Release;
		};
/* End XCBuildConfiguration section */

/* Begin XCConfigurationList section */
		20E2F7FC259BC439004BF34B /* Build configuration list for PBXProject "This Harmony" */ = {
			isa = XCConfigurationList;
			buildConfigurations = (
				20E2F82A259BC43A004BF34B /* Debug */,
				20E2F82B259BC43A004BF34B /* Release */,
			);
			defaultConfigurationIsVisible = 0;
			defaultConfigurationName = Release;
		};
		20E2F82C259BC43A004BF34B /* Build configuration list for PBXNativeTarget "This Harmony" */ = {
			isa = XCConfigurationList;
			buildConfigurations = (
				20E2F82D259BC43A004BF34B /* Debug */,
				20E2F82E259BC43A004BF34B /* Release */,
			);
			defaultConfigurationIsVisible = 0;
			defaultConfigurationName = Release;
		};
		20E2F82F259BC43A004BF34B /* Build configuration list for PBXNativeTarget "This HarmonyTests" */ = {
			isa = XCConfigurationList;
			buildConfigurations = (
				20E2F830259BC43A004BF34B /* Debug */,
				20E2F831259BC43A004BF34B /* Release */,
			);
			defaultConfigurationIsVisible = 0;
			defaultConfigurationName = Release;
		};
		20E2F832259BC43A004BF34B /* Build configuration list for PBXNativeTarget "This HarmonyUITests" */ = {
			isa = XCConfigurationList;
			buildConfigurations = (
				20E2F833259BC43A004BF34B /* Debug */,
				20E2F834259BC43A004BF34B /* Release */,
			);
			defaultConfigurationIsVisible = 0;
			defaultConfigurationName = Release;
		};
/* End XCConfigurationList section */
	};
	rootObject = 20E2F7F9259BC439004BF34B /* Project object */;
}
